
Microsoft Visual Studio Solution File, Format Version 12.00
# Visual Studio Version 16
VisualStudioVersion = 16.0.30611.23
MinimumVisualStudioVersion = 10.0.40219.1
Project("{FAE04EC0-301F-11D3-BF4B-00C04F79EFBC}") = "BizPRO.CRM.V2.WebApp", "BizPRO.CRM.V2.WebApp\BizPRO.CRM.V2.WebApp.csproj", "{3D2FB8D5-B339-457C-9B39-72529ECD6F4F}"
EndProject
Project("{FAE04EC0-301F-11D3-BF4B-00C04F79EFBC}") = "BizPRO.CRM.V2.Aplicacao", "BizPRO.CRM.V2.Aplicacao\BizPRO.CRM.V2.Aplicacao.csproj", "{42FF2740-6576-4EC0-B427-C3BCD8330A99}"
EndProject
Project("{FAE04EC0-301F-11D3-BF4B-00C04F79EFBC}") = "BizPRO.CRM.V2.Dominio", "BizPRO.CRM.V2.Dominio\BizPRO.CRM.V2.Dominio.csproj", "{7C838D2C-A5C5-4265-AF4A-B260B11E9F77}"
EndProject
Project("{FAE04EC0-301F-11D3-BF4B-00C04F79EFBC}") = "BizPRO.CRM.V2.Core", "BizPRO.CRM.V2.Core\BizPRO.CRM.V2.Core.csproj", "{20994141-6BC8-4C2A-BF8F-F7927127BD6B}"
EndProject
Project("{FAE04EC0-301F-11D3-BF4B-00C04F79EFBC}") = "BizPRO.CRM.V2.Identity", "BizPRO.CRM.V2.Identity\BizPRO.CRM.V2.Identity.csproj", "{979E4882-22B4-4863-9CAF-C7EB7F200FA5}"
EndProject
Project("{FAE04EC0-301F-11D3-BF4B-00C04F79EFBC}") = "BizPRO.CRM.V2.IoC", "BizPRO.CRM.V2.IoC\BizPRO.CRM.V2.IoC.csproj", "{E6085036-69C2-473A-9126-D123C8D19FC9}"
EndProject
Project("{FAE04EC0-301F-11D3-BF4B-00C04F79EFBC}") = "BizPRO.CRM.V2.Contexto", "BizPRO.CRM.V2.Contexto\BizPRO.CRM.V2.Contexto.csproj", "{AE769A00-0C19-4B3C-9C28-B44D3A72D43D}"
EndProject
Project("{FAE04EC0-301F-11D3-BF4B-00C04F79EFBC}") = "BizPRO.CRM.V2.Repositorio", "BizPRO.CRM.V2.Repositorio\BizPRO.CRM.V2.Repositorio.csproj", "{AD7232BF-EE6B-4F4C-8A8D-0774360A8785}"
EndProject
Project("{2150E333-8FDC-42A3-9474-1A3956D46DE8}") = "01 - WebApp", "01 - WebApp", "{F6CF8461-64DF-4AC1-AC3B-48AFEB30A2B4}"
EndProject
Project("{2150E333-8FDC-42A3-9474-1A3956D46DE8}") = "02 - Camadas", "02 - Camadas", "{D1D20863-BEF5-4B59-AC70-895ACD23CFD5}"
EndProject
Project("{2150E333-8FDC-42A3-9474-1A3956D46DE8}") = "03 - Servicos", "03 - Servicos", "{A2CC1B63-B157-4817-AE3F-FAC35BF31347}"
EndProject
Project("{2150E333-8FDC-42A3-9474-1A3956D46DE8}") = "04 - DataBases", "04 - DataBases", "{B6D6DD00-A4D0-4937-883B-99BA80104913}"
EndProject
Project("{2150E333-8FDC-42A3-9474-1A3956D46DE8}") = "01 - Aplicacao", "01 - Aplicacao", "{1497185A-2D8C-486B-8B76-0AEE9349ACD1}"
EndProject
Project("{2150E333-8FDC-42A3-9474-1A3956D46DE8}") = "02 - Dominio", "02 - Dominio", "{8FF1D2E0-537C-4ACA-892A-CF2D0C12EFB8}"
EndProject
Project("{2150E333-8FDC-42A3-9474-1A3956D46DE8}") = "03 - Infra", "03 - Infra", "{CB48537C-ED92-4871-BC00-033C4C3BFCEB}"
EndProject
Project("{2150E333-8FDC-42A3-9474-1A3956D46DE8}") = "01 - CrossCutting", "01 - CrossCutting", "{9C1B835B-607E-42AD-BD8E-174A5D5C674A}"
EndProject
Project("{2150E333-8FDC-42A3-9474-1A3956D46DE8}") = "02 - Dados", "02 - Dados", "{DEAB8C29-FA65-4474-81AF-8F541F3BF9CB}"
EndProject
Project("{FAE04EC0-301F-11D3-BF4B-00C04F79EFBC}") = "BizPRO.CRM.V2.ServicoLeituraEmail", "BizPRO.CRM.V2.ServicoLeituraEmail\BizPRO.CRM.V2.ServicoLeituraEmail.csproj", "{E095CA97-B436-4259-B465-026AB345775C}"
EndProject
Global
	GlobalSection(SolutionConfigurationPlatforms) = preSolution
		Debug|Any CPU = Debug|Any CPU
		Release|Any CPU = Release|Any CPU
	EndGlobalSection
	GlobalSection(ProjectConfigurationPlatforms) = postSolution
		{3D2FB8D5-B339-457C-9B39-72529ECD6F4F}.Debug|Any CPU.ActiveCfg = Debug|Any CPU
		{3D2FB8D5-B339-457C-9B39-72529ECD6F4F}.Debug|Any CPU.Build.0 = Debug|Any CPU
		{3D2FB8D5-B339-457C-9B39-72529ECD6F4F}.Release|Any CPU.ActiveCfg = Release|Any CPU
		{3D2FB8D5-B339-457C-9B39-72529ECD6F4F}.Release|Any CPU.Build.0 = Release|Any CPU
		{42FF2740-6576-4EC0-B427-C3BCD8330A99}.Debug|Any CPU.ActiveCfg = Debug|Any CPU
		{42FF2740-6576-4EC0-B427-C3BCD8330A99}.Debug|Any CPU.Build.0 = Debug|Any CPU
		{42FF2740-6576-4EC0-B427-C3BCD8330A99}.Release|Any CPU.ActiveCfg = Release|Any CPU
		{42FF2740-6576-4EC0-B427-C3BCD8330A99}.Release|Any CPU.Build.0 = Release|Any CPU
		{7C838D2C-A5C5-4265-AF4A-B260B11E9F77}.Debug|Any CPU.ActiveCfg = Debug|Any CPU
		{7C838D2C-A5C5-4265-AF4A-B260B11E9F77}.Debug|Any CPU.Build.0 = Debug|Any CPU
		{7C838D2C-A5C5-4265-AF4A-B260B11E9F77}.Release|Any CPU.ActiveCfg = Release|Any CPU
		{7C838D2C-A5C5-4265-AF4A-B260B11E9F77}.Release|Any CPU.Build.0 = Release|Any CPU
		{20994141-6BC8-4C2A-BF8F-F7927127BD6B}.Debug|Any CPU.ActiveCfg = Debug|Any CPU
		{20994141-6BC8-4C2A-BF8F-F7927127BD6B}.Debug|Any CPU.Build.0 = Debug|Any CPU
		{20994141-6BC8-4C2A-BF8F-F7927127BD6B}.Release|Any CPU.ActiveCfg = Release|Any CPU
		{20994141-6BC8-4C2A-BF8F-F7927127BD6B}.Release|Any CPU.Build.0 = Release|Any CPU
		{979E4882-22B4-4863-9CAF-C7EB7F200FA5}.Debug|Any CPU.ActiveCfg = Debug|Any CPU
		{979E4882-22B4-4863-9CAF-C7EB7F200FA5}.Debug|Any CPU.Build.0 = Debug|Any CPU
		{979E4882-22B4-4863-9CAF-C7EB7F200FA5}.Release|Any CPU.ActiveCfg = Release|Any CPU
		{979E4882-22B4-4863-9CAF-C7EB7F200FA5}.Release|Any CPU.Build.0 = Release|Any CPU
		{E6085036-69C2-473A-9126-D123C8D19FC9}.Debug|Any CPU.ActiveCfg = Debug|Any CPU
		{E6085036-69C2-473A-9126-D123C8D19FC9}.Debug|Any CPU.Build.0 = Debug|Any CPU
		{E6085036-69C2-473A-9126-D123C8D19FC9}.Release|Any CPU.ActiveCfg = Release|Any CPU
		{E6085036-69C2-473A-9126-D123C8D19FC9}.Release|Any CPU.Build.0 = Release|Any CPU
		{AE769A00-0C19-4B3C-9C28-B44D3A72D43D}.Debug|Any CPU.ActiveCfg = Debug|Any CPU
		{AE769A00-0C19-4B3C-9C28-B44D3A72D43D}.Debug|Any CPU.Build.0 = Debug|Any CPU
		{AE769A00-0C19-4B3C-9C28-B44D3A72D43D}.Release|Any CPU.ActiveCfg = Release|Any CPU
		{AE769A00-0C19-4B3C-9C28-B44D3A72D43D}.Release|Any CPU.Build.0 = Release|Any CPU
		{AD7232BF-EE6B-4F4C-8A8D-0774360A8785}.Debug|Any CPU.ActiveCfg = Debug|Any CPU
		{AD7232BF-EE6B-4F4C-8A8D-0774360A8785}.Debug|Any CPU.Build.0 = Debug|Any CPU
		{AD7232BF-EE6B-4F4C-8A8D-0774360A8785}.Release|Any CPU.ActiveCfg = Release|Any CPU
		{AD7232BF-EE6B-4F4C-8A8D-0774360A8785}.Release|Any CPU.Build.0 = Release|Any CPU
		{E095CA97-B436-4259-B465-026AB345775C}.Debug|Any CPU.ActiveCfg = Debug|Any CPU
		{E095CA97-B436-4259-B465-026AB345775C}.Debug|Any CPU.Build.0 = Debug|Any CPU
		{E095CA97-B436-4259-B465-026AB345775C}.Release|Any CPU.ActiveCfg = Release|Any CPU
		{E095CA97-B436-4259-B465-026AB345775C}.Release|Any CPU.Build.0 = Release|Any CPU
	EndGlobalSection
	GlobalSection(SolutionProperties) = preSolution
		HideSolutionNode = FALSE
	EndGlobalSection
	GlobalSection(NestedProjects) = preSolution
		{3D2FB8D5-B339-457C-9B39-72529ECD6F4F} = {F6CF8461-64DF-4AC1-AC3B-48AFEB30A2B4}
		{42FF2740-6576-4EC0-B427-C3BCD8330A99} = {1497185A-2D8C-486B-8B76-0AEE9349ACD1}
		{7C838D2C-A5C5-4265-AF4A-B260B11E9F77} = {8FF1D2E0-537C-4ACA-892A-CF2D0C12EFB8}
		{20994141-6BC8-4C2A-BF8F-F7927127BD6B} = {9C1B835B-607E-42AD-BD8E-174A5D5C674A}
		{979E4882-22B4-4863-9CAF-C7EB7F200FA5} = {9C1B835B-607E-42AD-BD8E-174A5D5C674A}
		{E6085036-69C2-473A-9126-D123C8D19FC9} = {9C1B835B-607E-42AD-BD8E-174A5D5C674A}
		{AE769A00-0C19-4B3C-9C28-B44D3A72D43D} = {DEAB8C29-FA65-4474-81AF-8F541F3BF9CB}
		{AD7232BF-EE6B-4F4C-8A8D-0774360A8785} = {DEAB8C29-FA65-4474-81AF-8F541F3BF9CB}
		{1497185A-2D8C-486B-8B76-0AEE9349ACD1} = {D1D20863-BEF5-4B59-AC70-895ACD23CFD5}
		{8FF1D2E0-537C-4ACA-892A-CF2D0C12EFB8} = {D1D20863-BEF5-4B59-AC70-895ACD23CFD5}
		{CB48537C-ED92-4871-BC00-033C4C3BFCEB} = {D1D20863-BEF5-4B59-AC70-895ACD23CFD5}
		{9C1B835B-607E-42AD-BD8E-174A5D5C674A} = {CB48537C-ED92-4871-BC00-033C4C3BFCEB}
		{DEAB8C29-FA65-4474-81AF-8F541F3BF9CB} = {CB48537C-ED92-4871-BC00-033C4C3BFCEB}
		{E095CA97-B436-4259-B465-026AB345775C} = {A2CC1B63-B157-4817-AE3F-FAC35BF31347}
	EndGlobalSection
	GlobalSection(ExtensibilityGlobals) = postSolution
		SolutionGuid = {C84C954C-8333-41A6-87C3-CE32BC81C8A5}
	EndGlobalSection
EndGlobal
